# Generated by buf. DO NOT EDIT.
version: v2
deps:
  - name: buf.build/cncf/xds
    commit: fe41be3842f948ad9aa75242527456ea
    digest: b5:c167b542cbecd02f8dfb042e19ed184773935623bbe27a304aa06f122f35dc4eeef4a25a0e10ccb8b93a1b66d37f9824caef4eb65074753cab3af3ff3bfeb5c0
  - name: buf.build/envoyproxy/protoc-gen-validate
    commit: daf171c6cdb54629b5f51e345a79e4dd
    digest: b5:c745e1521879f43740230b1df673d0729f55704efefdcfc489d4a0a2d40c92a26cacfeab62813403040a8b180142d53b398c7ca784a065e43823605ee49681de
  - name: buf.build/gogo/protobuf
    commit: e1dbca2775a74a89955a99990de45a53
    digest: b5:9be593f336e8b0d35761a2fb5ebc4460aaee3f2d21e9d75b7fddbecb1dd53ea58a0bb447c20c33387f4e07fa7e1e439f7125663a624517cfde97c8bec68e4ecf
  - name: buf.build/google/cel-spec
    commit: f098f2988c914fe8ba26d9fe152ea868
    digest: b5:6b2eb857d332c7bbc1b7102e6a860b3ab61de2b4ddaa4ffdfdbc6e2bf9a7711814d95f3fa85f67cdaf29849a9105d67e86a70d79a568efb8b88a21813b9ca8ad
  - name: buf.build/googleapis/googleapis
    commit: 61b203b9a9164be9a834f58c37be6f62
    digest: b5:7811a98b35bd2e4ae5c3ac73c8b3d9ae429f3a790da15de188dc98fc2b77d6bb10e45711f14903af9553fa9821dff256054f2e4b7795789265bc476bec2f088c
  - name: buf.build/opentelemetry/opentelemetry
    commit: 1fc52e899c994407aa667ca83d32a043
    digest: b5:812585174cc1f67d917f4967ddc64586df975a7302e44f4e9d1bd66e293906159635a8ca0103972b1f3200ac1e960ecf4d8876a4b50812ff57fdbf8087960575
  - name: buf.build/prometheus/prometheus
    commit: af2aab87b1b347cdb0c8ab3a4865a4a3
    digest: b5:564cdb9723cbfc6bcf1148389b17ec52c1ff633ebf5642348af4e6a6dd782ab340ed74ce56aaa967d5e57d0cfe641590493d5132a8c1c886f86e25ba58bc58a1
